
Microsoft Visual Studio Solution File, Format Version 12.00
# Visual Studio 15
VisualStudioVersion = 15.0.28307.852
MinimumVisualStudioVersion = 10.0.40219.1
Project("{FAE04EC0-301F-11D3-BF4B-00C04F79EFBC}") = "AsyncProgramming", "AsyncProgramming\AsyncProgramming.csproj", "{BFD35238-2A20-4C5A-ABAE-53131AB65199}"
EndProject
Global
	GlobalSection(SolutionConfigurationPlatforms) = preSolution
		Debug|Any CPU = Debug|Any CPU
		Release|Any CPU = Release|Any CPU
	EndGlobalSection
	GlobalSection(ProjectConfigurationPlatforms) = postSolution
		{BFD35238-2A20-4C5A-ABAE-53131AB65199}.Debug|Any CPU.ActiveCfg = Debug|Any CPU
		{BFD35238-2A20-4C5A-ABAE-53131AB65199}.Debug|Any CPU.Build.0 = Debug|Any CPU
		{BFD35238-2A20-4C5A-ABAE-53131AB65199}.Release|Any CPU.ActiveCfg = Release|Any CPU
		{BFD35238-2A20-4C5A-ABAE-53131AB65199}.Release|Any CPU.Build.0 = Release|Any CPU
	EndGlobalSection
	GlobalSection(SolutionProperties) = preSolution
		HideSolutionNode = FALSE
	EndGlobalSection
	GlobalSection(ExtensibilityGlobals) = postSolution
		SolutionGuid = {F78E6265-7B5C-4AE4-BD2C-B74BE490F47C}
	EndGlobalSection
EndGlobal
